
Microsoft Visual Studio Solution File, Format Version 12.00
# Visual Studio 15
VisualStudioVersion = 15.0.28307.106
MinimumVisualStudioVersion = 10.0.40219.1
Project("{FAE04EC0-301F-11D3-BF4B-00C04F79EFBC}") = "ASP.NET_MVC_WEBSERVICES", "ASP.NET_MVC_WEBSERVICES\ASP.NET_MVC_WEBSERVICES.csproj", "{A65E56BA-CA9F-48B4-8765-54FF1429DC86}"
EndProject
Global
	GlobalSection(SolutionConfigurationPlatforms) = preSolution
		Debug|Any CPU = Debug|Any CPU
		Release|Any CPU = Release|Any CPU
	EndGlobalSection
	GlobalSection(ProjectConfigurationPlatforms) = postSolution
		{A65E56BA-CA9F-48B4-8765-54FF1429DC86}.Debug|Any CPU.ActiveCfg = Debug|Any CPU
		{A65E56BA-CA9F-48B4-8765-54FF1429DC86}.Debug|Any CPU.Build.0 = Debug|Any CPU
		{A65E56BA-CA9F-48B4-8765-54FF1429DC86}.Release|Any CPU.ActiveCfg = Release|Any CPU
		{A65E56BA-CA9F-48B4-8765-54FF1429DC86}.Release|Any CPU.Build.0 = Release|Any CPU
	EndGlobalSection
	GlobalSection(SolutionProperties) = preSolution
		HideSolutionNode = FALSE
	EndGlobalSection
	GlobalSection(ExtensibilityGlobals) = postSolution
		SolutionGuid = {C9D71F74-9B13-44A0-8F64-ED0EFB2DA8CC}
	EndGlobalSection
EndGlobal
